# This file is autogenerated, do not edit; changes may be undone by the next 'dep ensure'.


[[projects]]
  branch = "master"
  name = "github.com/NYTimes/gziphandler"
  packages = ["."]
  revision = "56545f4a5d46df9a6648819d1664c3a03a13ffdb"

[solve-meta]
  analyzer-name = "dep"
  analyzer-version = 1
  inputs-digest = "e6fec5fb3c062c3ea122aba152ff8861ffd78e367184b3a0f07b6306d0699b0e"
  solver-name = "gps-cdcl"
  solver-version = 1
